// !$*UTF8*$!
{
	archiveVersion = 1;
	classes = {
	};
	objectVersion = 55;
	objects = {

/* Begin PBXBuildFile section */
		9E7C2EED296AF9EF0006EECF /* AppDelegate.swift in Sources */ = {isa = PBXBuildFile; fileRef = 9E7C2EEC296AF9EF0006EECF /* AppDelegate.swift */; };
		9E7C2EEF296AF9EF0006EECF /* SceneDelegate.swift in Sources */ = {isa = PBXBuildFile; fileRef = 9E7C2EEE296AF9EF0006EECF /* SceneDelegate.swift */; };
		9E7C2EF6296AF9F00006EECF /* Assets.xcassets in Resources */ = {isa = PBXBuildFile; fileRef = 9E7C2EF5296AF9F00006EECF /* Assets.xcassets */; };
		9E7C2EF9296AF9F00006EECF /* LaunchScreen.storyboard in Resources */ = {isa = PBXBuildFile; fileRef = 9E7C2EF7296AF9F00006EECF /* LaunchScreen.storyboard */; };
		9E7C2F09296AFCFD0006EECF /* alarmSound.mp3 in Resources */ = {isa = PBXBuildFile; fileRef = 9E7C2F08296AFCFD0006EECF /* alarmSound.mp3 */; };
		9E7C2F0E296B188C0006EECF /* FavoritesViewController.swift in Sources */ = {isa = PBXBuildFile; fileRef = 9E7C2F0D296B188C0006EECF /* FavoritesViewController.swift */; };
		9E7C2F12296B22F30006EECF /* SearchViewController.swift in Sources */ = {isa = PBXBuildFile; fileRef = 9E7C2F11296B22F30006EECF /* SearchViewController.swift */; };
		E7463D382980512500A4C54F /* IngredientViewController.swift in Sources */ = {isa = PBXBuildFile; fileRef = E7463D372980512500A4C54F /* IngredientViewController.swift */; };
		EB019A2729BA5B2100274048 /* SmallButton.swift in Sources */ = {isa = PBXBuildFile; fileRef = EB019A2629BA5B2100274048 /* SmallButton.swift */; };
		EB05B09029B39C75003FF24E /* RealmExtension.swift in Sources */ = {isa = PBXBuildFile; fileRef = EB05B08F29B39C75003FF24E /* RealmExtension.swift */; };
		EB0EA9C6298BEB6000C643C4 /* ChipsCollectionView.swift in Sources */ = {isa = PBXBuildFile; fileRef = EB0EA9C5298BEB6000C643C4 /* ChipsCollectionView.swift */; };
		EB14C96829AD39BD002590E5 /* RMFavoriteRecipeModel.swift in Sources */ = {isa = PBXBuildFile; fileRef = EB14C96729AD39BD002590E5 /* RMFavoriteRecipeModel.swift */; };
		EB1BD5CF29895A30009EB706 /* TimerListPresenter.swift in Sources */ = {isa = PBXBuildFile; fileRef = EB1BD5CE29895A30009EB706 /* TimerListPresenter.swift */; };
		EB1BD5D2298961B2009EB706 /* TimerPresenter.swift in Sources */ = {isa = PBXBuildFile; fileRef = EB1BD5D1298961B2009EB706 /* TimerPresenter.swift */; };
		EB206ED829A8F8D6007D626C /* Realm in Frameworks */ = {isa = PBXBuildFile; productRef = EB206ED729A8F8D6007D626C /* Realm */; };
		EB206EDA29A8F8D6007D626C /* RealmSwift in Frameworks */ = {isa = PBXBuildFile; productRef = EB206ED929A8F8D6007D626C /* RealmSwift */; };
		EB206EDC29A8FA39007D626C /* RMChipsModel.swift in Sources */ = {isa = PBXBuildFile; fileRef = EB206EDB29A8FA39007D626C /* RMChipsModel.swift */; };
		EB24FBDC29B4FCB600A7BBED /* UIViewExtension.swift in Sources */ = {isa = PBXBuildFile; fileRef = EB24FBDB29B4FCB500A7BBED /* UIViewExtension.swift */; };
		EB26277129781728002B8924 /* Router.swift in Sources */ = {isa = PBXBuildFile; fileRef = EB26277029781728002B8924 /* Router.swift */; };
		EB262773297817FF002B8924 /* NetworkService.swift in Sources */ = {isa = PBXBuildFile; fileRef = EB262772297817FF002B8924 /* NetworkService.swift */; };
		EB26277529782CDF002B8924 /* Builder.swift in Sources */ = {isa = PBXBuildFile; fileRef = EB26277429782CDF002B8924 /* Builder.swift */; };
		EB262777297868EA002B8924 /* FavoritePresenter.swift in Sources */ = {isa = PBXBuildFile; fileRef = EB262776297868EA002B8924 /* FavoritePresenter.swift */; };
		EB29D8192982A4EB00F5740E /* GradientViewController.swift in Sources */ = {isa = PBXBuildFile; fileRef = EB29D8182982A4EB00F5740E /* GradientViewController.swift */; };
		EB29F390297E8064002F74BD /* Poppins-ExtraLight.ttf in Resources */ = {isa = PBXBuildFile; fileRef = EB29F37D297E8064002F74BD /* Poppins-ExtraLight.ttf */; };
		EB29F391297E8064002F74BD /* Poppins-ThinItalic.ttf in Resources */ = {isa = PBXBuildFile; fileRef = EB29F37E297E8064002F74BD /* Poppins-ThinItalic.ttf */; };
		EB29F392297E8064002F74BD /* Poppins-ExtraLightItalic.ttf in Resources */ = {isa = PBXBuildFile; fileRef = EB29F37F297E8064002F74BD /* Poppins-ExtraLightItalic.ttf */; };
		EB29F393297E8064002F74BD /* Poppins-BoldItalic.ttf in Resources */ = {isa = PBXBuildFile; fileRef = EB29F380297E8064002F74BD /* Poppins-BoldItalic.ttf */; };
		EB29F394297E8064002F74BD /* Poppins-Light.ttf in Resources */ = {isa = PBXBuildFile; fileRef = EB29F381297E8064002F74BD /* Poppins-Light.ttf */; };
		EB29F395297E8064002F74BD /* Poppins-Medium.ttf in Resources */ = {isa = PBXBuildFile; fileRef = EB29F382297E8064002F74BD /* Poppins-Medium.ttf */; };
		EB29F396297E8064002F74BD /* Poppins-SemiBoldItalic.ttf in Resources */ = {isa = PBXBuildFile; fileRef = EB29F383297E8064002F74BD /* Poppins-SemiBoldItalic.ttf */; };
		EB29F397297E8064002F74BD /* Poppins-ExtraBoldItalic.ttf in Resources */ = {isa = PBXBuildFile; fileRef = EB29F384297E8064002F74BD /* Poppins-ExtraBoldItalic.ttf */; };
		EB29F398297E8064002F74BD /* Poppins-ExtraBold.ttf in Resources */ = {isa = PBXBuildFile; fileRef = EB29F385297E8064002F74BD /* Poppins-ExtraBold.ttf */; };
		EB29F399297E8064002F74BD /* Poppins-BlackItalic.ttf in Resources */ = {isa = PBXBuildFile; fileRef = EB29F386297E8064002F74BD /* Poppins-BlackItalic.ttf */; };
		EB29F39A297E8064002F74BD /* OFL.txt in Resources */ = {isa = PBXBuildFile; fileRef = EB29F387297E8064002F74BD /* OFL.txt */; };
		EB29F39B297E8064002F74BD /* Poppins-Regular.ttf in Resources */ = {isa = PBXBuildFile; fileRef = EB29F388297E8064002F74BD /* Poppins-Regular.ttf */; };
		EB29F39C297E8064002F74BD /* Poppins-LightItalic.ttf in Resources */ = {isa = PBXBuildFile; fileRef = EB29F389297E8064002F74BD /* Poppins-LightItalic.ttf */; };
		EB29F39D297E8064002F74BD /* Poppins-Bold.ttf in Resources */ = {isa = PBXBuildFile; fileRef = EB29F38A297E8064002F74BD /* Poppins-Bold.ttf */; };
		EB29F39E297E8064002F74BD /* Poppins-Black.ttf in Resources */ = {isa = PBXBuildFile; fileRef = EB29F38B297E8064002F74BD /* Poppins-Black.ttf */; };
		EB29F39F297E8064002F74BD /* Poppins-Thin.ttf in Resources */ = {isa = PBXBuildFile; fileRef = EB29F38C297E8064002F74BD /* Poppins-Thin.ttf */; };
		EB29F3A0297E8064002F74BD /* Poppins-SemiBold.ttf in Resources */ = {isa = PBXBuildFile; fileRef = EB29F38D297E8064002F74BD /* Poppins-SemiBold.ttf */; };
		EB29F3A1297E8064002F74BD /* Poppins-Italic.ttf in Resources */ = {isa = PBXBuildFile; fileRef = EB29F38E297E8064002F74BD /* Poppins-Italic.ttf */; };
		EB29F3A2297E8064002F74BD /* Poppins-MediumItalic.ttf in Resources */ = {isa = PBXBuildFile; fileRef = EB29F38F297E8064002F74BD /* Poppins-MediumItalic.ttf */; };
		EB29F3A5297E80BB002F74BD /* DarkBlurEffectView.swift in Sources */ = {isa = PBXBuildFile; fileRef = EB29F3A3297E80BB002F74BD /* DarkBlurEffectView.swift */; };
		EB29F3A6297E80BB002F74BD /* ImageConstant.swift in Sources */ = {isa = PBXBuildFile; fileRef = EB29F3A4297E80BB002F74BD /* ImageConstant.swift */; };
		EB3899C8297BCCCC00705344 /* CustomTableViewCell.swift in Sources */ = {isa = PBXBuildFile; fileRef = EB3899C7297BCCCC00705344 /* CustomTableViewCell.swift */; };
		EB3899D0297BD9E000705344 /* CustomTabBarController.swift in Sources */ = {isa = PBXBuildFile; fileRef = EB3899CF297BD9E000705344 /* CustomTabBarController.swift */; };
		EB3995E829951DA400974218 /* TestingData.swift in Sources */ = {isa = PBXBuildFile; fileRef = EB3995E729951DA400974218 /* TestingData.swift */; };
		EB3E0786299FC864002DC891 /* MealCategorys.swift in Sources */ = {isa = PBXBuildFile; fileRef = EB3E0785299FC864002DC891 /* MealCategorys.swift */; };
		EB454ABF2999258C00ADD877 /* IngredientsTableViewCell.swift in Sources */ = {isa = PBXBuildFile; fileRef = EB454ABE2999258C00ADD877 /* IngredientsTableViewCell.swift */; };
		EB47AACD29A62D3600FEAA1F /* Kingfisher in Frameworks */ = {isa = PBXBuildFile; productRef = EB47AACC29A62D3600FEAA1F /* Kingfisher */; };
		EB56B25C29B20168007CFFB6 /* ObjectAdapterProtocol.swift in Sources */ = {isa = PBXBuildFile; fileRef = EB56B25B29B20168007CFFB6 /* ObjectAdapterProtocol.swift */; };
		EB59C82429AA81DA00B1507A /* RealmManager.swift in Sources */ = {isa = PBXBuildFile; fileRef = EB59C82329AA81DA00B1507A /* RealmManager.swift */; };
		EB5F3CA8297F206C00D516E1 /* LightBlurEffectView.swift in Sources */ = {isa = PBXBuildFile; fileRef = EB5F3CA7297F206C00D516E1 /* LightBlurEffectView.swift */; };
		EB62A79D2986DF1900FD420C /* TimerListCell.swift in Sources */ = {isa = PBXBuildFile; fileRef = EB62A79A2986DF1900FD420C /* TimerListCell.swift */; };
		EB62A79E2986DF1900FD420C /* TimerListViewController.swift in Sources */ = {isa = PBXBuildFile; fileRef = EB62A79B2986DF1900FD420C /* TimerListViewController.swift */; };
		EB62A79F2986DF1900FD420C /* TimerViewController.swift in Sources */ = {isa = PBXBuildFile; fileRef = EB62A79C2986DF1900FD420C /* TimerViewController.swift */; };
		EB653FF229AD035600E07AC0 /* CGFloatExtension.swift in Sources */ = {isa = PBXBuildFile; fileRef = EB653FF129AD035600E07AC0 /* CGFloatExtension.swift */; };
		EB653FF429AD037700E07AC0 /* UITableViewDelegateExtension.swift in Sources */ = {isa = PBXBuildFile; fileRef = EB653FF329AD037700E07AC0 /* UITableViewDelegateExtension.swift */; };
		EB653FF629AD039B00E07AC0 /* UIImageExtension.swift in Sources */ = {isa = PBXBuildFile; fileRef = EB653FF529AD039B00E07AC0 /* UIImageExtension.swift */; };
		EB653FF829AD03CF00E07AC0 /* CALayerExtension.swift in Sources */ = {isa = PBXBuildFile; fileRef = EB653FF729AD03CF00E07AC0 /* CALayerExtension.swift */; };
		EB653FFA29AD040C00E07AC0 /* UILabelExtension.swift in Sources */ = {isa = PBXBuildFile; fileRef = EB653FF929AD040C00E07AC0 /* UILabelExtension.swift */; };
		EB65400129AD06FF00E07AC0 /* IngridientPresenter.swift in Sources */ = {isa = PBXBuildFile; fileRef = EB65400029AD06FF00E07AC0 /* IngridientPresenter.swift */; };
		EB65400329AD077300E07AC0 /* SearchPresenter.swift in Sources */ = {isa = PBXBuildFile; fileRef = EB65400229AD077300E07AC0 /* SearchPresenter.swift */; };
		EB766637298BC5950044C492 /* ChipsCollectionViewCell.swift in Sources */ = {isa = PBXBuildFile; fileRef = EB766636298BC5950044C492 /* ChipsCollectionViewCell.swift */; };
		EB7825E829B676FD00C1E0FF /* UIViewControllerExtension.swift in Sources */ = {isa = PBXBuildFile; fileRef = EB7825E729B676FD00C1E0FF /* UIViewControllerExtension.swift */; };
		EB890F5A299CFB1B00D20131 /* DetailRecipeModel.swift in Sources */ = {isa = PBXBuildFile; fileRef = EB890F59299CFB1B00D20131 /* DetailRecipeModel.swift */; };
		EB890F5C299CFB4100D20131 /* SearchRecipeModel.swift in Sources */ = {isa = PBXBuildFile; fileRef = EB890F5B299CFB4100D20131 /* SearchRecipeModel.swift */; };
		EBB480ED29A24A2A00ACD15E /* RequestType.swift in Sources */ = {isa = PBXBuildFile; fileRef = EBB480EC29A24A2A00ACD15E /* RequestType.swift */; };
		EBB480EF29A2655600ACD15E /* DataRequest.swift in Sources */ = {isa = PBXBuildFile; fileRef = EBB480EE29A2655600ACD15E /* DataRequest.swift */; };
		EBB480F129A2674800ACD15E /* DetailRecipeRequest.swift in Sources */ = {isa = PBXBuildFile; fileRef = EBB480F029A2674800ACD15E /* DetailRecipeRequest.swift */; };
		EBB480F329A2678500ACD15E /* ComplexSearchRequest.swift in Sources */ = {isa = PBXBuildFile; fileRef = EBB480F229A2678500ACD15E /* ComplexSearchRequest.swift */; };
		EBB480F529A26D0B00ACD15E /* QueryItemKeys.swift in Sources */ = {isa = PBXBuildFile; fileRef = EBB480F429A26D0B00ACD15E /* QueryItemKeys.swift */; };
		EBD74432299A1C220071D454 /* TimerProgressBarView.swift in Sources */ = {isa = PBXBuildFile; fileRef = EBD74431299A1C220071D454 /* TimerProgressBarView.swift */; };
		EBE07358299AABCD00F75826 /* ErrorResponse.swift in Sources */ = {isa = PBXBuildFile; fileRef = EBE07357299AABCD00F75826 /* ErrorResponse.swift */; };
		EBFDB1FF297957A700CA0084 /* UIColorExtension.swift in Sources */ = {isa = PBXBuildFile; fileRef = EBFDB1FE297957A700CA0084 /* UIColorExtension.swift */; };
/* End PBXBuildFile section */

/* Begin PBXFileReference section */
		9E7C2EE9296AF9EF0006EECF /* galleyRecipe.app */ = {isa = PBXFileReference; explicitFileType = wrapper.application; includeInIndex = 0; path = galleyRecipe.app; sourceTree = BUILT_PRODUCTS_DIR; };
		9E7C2EEC296AF9EF0006EECF /* AppDelegate.swift */ = {isa = PBXFileReference; lastKnownFileType = sourcecode.swift; path = AppDelegate.swift; sourceTree = "<group>"; };
		9E7C2EEE296AF9EF0006EECF /* SceneDelegate.swift */ = {isa = PBXFileReference; lastKnownFileType = sourcecode.swift; path = SceneDelegate.swift; sourceTree = "<group>"; };
		9E7C2EF5296AF9F00006EECF /* Assets.xcassets */ = {isa = PBXFileReference; lastKnownFileType = folder.assetcatalog; path = Assets.xcassets; sourceTree = "<group>"; };
		9E7C2EF8296AF9F00006EECF /* Base */ = {isa = PBXFileReference; lastKnownFileType = file.storyboard; name = Base; path = Base.lproj/LaunchScreen.storyboard; sourceTree = "<group>"; };
		9E7C2EFA296AF9F00006EECF /* Info.plist */ = {isa = PBXFileReference; lastKnownFileType = text.plist.xml; name = Info.plist; path = galleyRecipe/Info.plist; sourceTree = SOURCE_ROOT; };
		9E7C2F08296AFCFD0006EECF /* alarmSound.mp3 */ = {isa = PBXFileReference; lastKnownFileType = audio.mp3; path = alarmSound.mp3; sourceTree = "<group>"; };
		9E7C2F0D296B188C0006EECF /* FavoritesViewController.swift */ = {isa = PBXFileReference; lastKnownFileType = sourcecode.swift; path = FavoritesViewController.swift; sourceTree = "<group>"; };
		9E7C2F11296B22F30006EECF /* SearchViewController.swift */ = {isa = PBXFileReference; lastKnownFileType = sourcecode.swift; path = SearchViewController.swift; sourceTree = "<group>"; };
		E7463D372980512500A4C54F /* IngredientViewController.swift */ = {isa = PBXFileReference; lastKnownFileType = sourcecode.swift; path = IngredientViewController.swift; sourceTree = "<group>"; };
		EB019A2629BA5B2100274048 /* SmallButton.swift */ = {isa = PBXFileReference; lastKnownFileType = sourcecode.swift; path = SmallButton.swift; sourceTree = "<group>"; };
		EB05B08F29B39C75003FF24E /* RealmExtension.swift */ = {isa = PBXFileReference; lastKnownFileType = sourcecode.swift; name = RealmExtension.swift; path = galleyRecipe/NetworkManager/Models/RealmExtension.swift; sourceTree = SOURCE_ROOT; };
		EB0EA9C5298BEB6000C643C4 /* ChipsCollectionView.swift */ = {isa = PBXFileReference; lastKnownFileType = sourcecode.swift; path = ChipsCollectionView.swift; sourceTree = "<group>"; };
		EB14C96729AD39BD002590E5 /* RMFavoriteRecipeModel.swift */ = {isa = PBXFileReference; lastKnownFileType = sourcecode.swift; path = RMFavoriteRecipeModel.swift; sourceTree = "<group>"; };
		EB1BD5CE29895A30009EB706 /* TimerListPresenter.swift */ = {isa = PBXFileReference; lastKnownFileType = sourcecode.swift; name = TimerListPresenter.swift; path = galleyRecipe/Modules/TimerModule/Presenter/TimerListPresenter.swift; sourceTree = SOURCE_ROOT; };
		EB1BD5D1298961B2009EB706 /* TimerPresenter.swift */ = {isa = PBXFileReference; lastKnownFileType = sourcecode.swift; name = TimerPresenter.swift; path = galleyRecipe/Modules/TimerModule/Presenter/TimerPresenter.swift; sourceTree = SOURCE_ROOT; };
		EB206EDB29A8FA39007D626C /* RMChipsModel.swift */ = {isa = PBXFileReference; lastKnownFileType = sourcecode.swift; path = RMChipsModel.swift; sourceTree = "<group>"; };
		EB24FBDB29B4FCB500A7BBED /* UIViewExtension.swift */ = {isa = PBXFileReference; lastKnownFileType = sourcecode.swift; name = UIViewExtension.swift; path = galleyRecipe/Modules/SearchModule/Presenter/UIViewExtension.swift; sourceTree = SOURCE_ROOT; };
		EB26277029781728002B8924 /* Router.swift */ = {isa = PBXFileReference; lastKnownFileType = sourcecode.swift; path = Router.swift; sourceTree = "<group>"; };
		EB262772297817FF002B8924 /* NetworkService.swift */ = {isa = PBXFileReference; lastKnownFileType = sourcecode.swift; name = NetworkService.swift; path = galleyRecipe/NetworkManager/NetworkService.swift; sourceTree = SOURCE_ROOT; };
		EB26277429782CDF002B8924 /* Builder.swift */ = {isa = PBXFileReference; lastKnownFileType = sourcecode.swift; name = Builder.swift; path = galleyRecipe/Routing/Builder.swift; sourceTree = SOURCE_ROOT; };
		EB262776297868EA002B8924 /* FavoritePresenter.swift */ = {isa = PBXFileReference; lastKnownFileType = sourcecode.swift; name = FavoritePresenter.swift; path = "galleyRecipe/Modules/Favorites Module/Presenter/FavoritePresenter.swift"; sourceTree = SOURCE_ROOT; };
		EB29D8182982A4EB00F5740E /* GradientViewController.swift */ = {isa = PBXFileReference; lastKnownFileType = sourcecode.swift; name = GradientViewController.swift; path = galleyRecipe/UI/Effects/GradientViewController.swift; sourceTree = SOURCE_ROOT; };
		EB29F37D297E8064002F74BD /* Poppins-ExtraLight.ttf */ = {isa = PBXFileReference; lastKnownFileType = file; path = "Poppins-ExtraLight.ttf"; sourceTree = "<group>"; };
		EB29F37E297E8064002F74BD /* Poppins-ThinItalic.ttf */ = {isa = PBXFileReference; lastKnownFileType = file; path = "Poppins-ThinItalic.ttf"; sourceTree = "<group>"; };
		EB29F37F297E8064002F74BD /* Poppins-ExtraLightItalic.ttf */ = {isa = PBXFileReference; lastKnownFileType = file; path = "Poppins-ExtraLightItalic.ttf"; sourceTree = "<group>"; };
		EB29F380297E8064002F74BD /* Poppins-BoldItalic.ttf */ = {isa = PBXFileReference; lastKnownFileType = file; path = "Poppins-BoldItalic.ttf"; sourceTree = "<group>"; };
		EB29F381297E8064002F74BD /* Poppins-Light.ttf */ = {isa = PBXFileReference; lastKnownFileType = file; path = "Poppins-Light.ttf"; sourceTree = "<group>"; };
		EB29F382297E8064002F74BD /* Poppins-Medium.ttf */ = {isa = PBXFileReference; lastKnownFileType = file; path = "Poppins-Medium.ttf"; sourceTree = "<group>"; };
		EB29F383297E8064002F74BD /* Poppins-SemiBoldItalic.ttf */ = {isa = PBXFileReference; lastKnownFileType = file; path = "Poppins-SemiBoldItalic.ttf"; sourceTree = "<group>"; };
		EB29F384297E8064002F74BD /* Poppins-ExtraBoldItalic.ttf */ = {isa = PBXFileReference; lastKnownFileType = file; path = "Poppins-ExtraBoldItalic.ttf"; sourceTree = "<group>"; };
		EB29F385297E8064002F74BD /* Poppins-ExtraBold.ttf */ = {isa = PBXFileReference; lastKnownFileType = file; path = "Poppins-ExtraBold.ttf"; sourceTree = "<group>"; };
		EB29F386297E8064002F74BD /* Poppins-BlackItalic.ttf */ = {isa = PBXFileReference; lastKnownFileType = file; path = "Poppins-BlackItalic.ttf"; sourceTree = "<group>"; };
		EB29F387297E8064002F74BD /* OFL.txt */ = {isa = PBXFileReference; fileEncoding = 4; lastKnownFileType = text; path = OFL.txt; sourceTree = "<group>"; };
		EB29F388297E8064002F74BD /* Poppins-Regular.ttf */ = {isa = PBXFileReference; lastKnownFileType = file; path = "Poppins-Regular.ttf"; sourceTree = "<group>"; };
		EB29F389297E8064002F74BD /* Poppins-LightItalic.ttf */ = {isa = PBXFileReference; lastKnownFileType = file; path = "Poppins-LightItalic.ttf"; sourceTree = "<group>"; };
		EB29F38A297E8064002F74BD /* Poppins-Bold.ttf */ = {isa = PBXFileReference; lastKnownFileType = file; path = "Poppins-Bold.ttf"; sourceTree = "<group>"; };
		EB29F38B297E8064002F74BD /* Poppins-Black.ttf */ = {isa = PBXFileReference; lastKnownFileType = file; path = "Poppins-Black.ttf"; sourceTree = "<group>"; };
		EB29F38C297E8064002F74BD /* Poppins-Thin.ttf */ = {isa = PBXFileReference; lastKnownFileType = file; path = "Poppins-Thin.ttf"; sourceTree = "<group>"; };
		EB29F38D297E8064002F74BD /* Poppins-SemiBold.ttf */ = {isa = PBXFileReference; lastKnownFileType = file; path = "Poppins-SemiBold.ttf"; sourceTree = "<group>"; };
		EB29F38E297E8064002F74BD /* Poppins-Italic.ttf */ = {isa = PBXFileReference; lastKnownFileType = file; path = "Poppins-Italic.ttf"; sourceTree = "<group>"; };
		EB29F38F297E8064002F74BD /* Poppins-MediumItalic.ttf */ = {isa = PBXFileReference; lastKnownFileType = file; path = "Poppins-MediumItalic.ttf"; sourceTree = "<group>"; };
		EB29F3A3297E80BB002F74BD /* DarkBlurEffectView.swift */ = {isa = PBXFileReference; fileEncoding = 4; lastKnownFileType = sourcecode.swift; path = DarkBlurEffectView.swift; sourceTree = "<group>"; };
		EB29F3A4297E80BB002F74BD /* ImageConstant.swift */ = {isa = PBXFileReference; fileEncoding = 4; lastKnownFileType = sourcecode.swift; path = ImageConstant.swift; sourceTree = "<group>"; };
		EB3899C7297BCCCC00705344 /* CustomTableViewCell.swift */ = {isa = PBXFileReference; lastKnownFileType = sourcecode.swift; path = CustomTableViewCell.swift; sourceTree = "<group>"; };
		EB3899CF297BD9E000705344 /* CustomTabBarController.swift */ = {isa = PBXFileReference; lastKnownFileType = sourcecode.swift; name = CustomTabBarController.swift; path = galleyRecipe/UI/UIElements/CustomTabBarController.swift; sourceTree = SOURCE_ROOT; };
		EB3995E729951DA400974218 /* TestingData.swift */ = {isa = PBXFileReference; lastKnownFileType = sourcecode.swift; path = TestingData.swift; sourceTree = "<group>"; };
		EB3E0785299FC864002DC891 /* MealCategorys.swift */ = {isa = PBXFileReference; lastKnownFileType = sourcecode.swift; name = MealCategorys.swift; path = galleyRecipe/Modules/SearchModule/Model/MealCategorys.swift; sourceTree = SOURCE_ROOT; };
		EB454ABE2999258C00ADD877 /* IngredientsTableViewCell.swift */ = {isa = PBXFileReference; lastKnownFileType = sourcecode.swift; name = IngredientsTableViewCell.swift; path = galleyRecipe/UI/UIElements/IngredientsTableViewCell.swift; sourceTree = SOURCE_ROOT; };
		EB56B25B29B20168007CFFB6 /* ObjectAdapterProtocol.swift */ = {isa = PBXFileReference; lastKnownFileType = sourcecode.swift; path = ObjectAdapterProtocol.swift; sourceTree = "<group>"; };
		EB59C82329AA81DA00B1507A /* RealmManager.swift */ = {isa = PBXFileReference; lastKnownFileType = sourcecode.swift; name = RealmManager.swift; path = galleyRecipe/DataManager/RealmManager.swift; sourceTree = SOURCE_ROOT; };
		EB5F3CA7297F206C00D516E1 /* LightBlurEffectView.swift */ = {isa = PBXFileReference; lastKnownFileType = sourcecode.swift; path = LightBlurEffectView.swift; sourceTree = "<group>"; };
		EB62A79A2986DF1900FD420C /* TimerListCell.swift */ = {isa = PBXFileReference; fileEncoding = 4; lastKnownFileType = sourcecode.swift; path = TimerListCell.swift; sourceTree = "<group>"; };
		EB62A79B2986DF1900FD420C /* TimerListViewController.swift */ = {isa = PBXFileReference; fileEncoding = 4; lastKnownFileType = sourcecode.swift; path = TimerListViewController.swift; sourceTree = "<group>"; };
		EB62A79C2986DF1900FD420C /* TimerViewController.swift */ = {isa = PBXFileReference; fileEncoding = 4; lastKnownFileType = sourcecode.swift; path = TimerViewController.swift; sourceTree = "<group>"; };
		EB653FF129AD035600E07AC0 /* CGFloatExtension.swift */ = {isa = PBXFileReference; lastKnownFileType = sourcecode.swift; path = CGFloatExtension.swift; sourceTree = "<group>"; };
		EB653FF329AD037700E07AC0 /* UITableViewDelegateExtension.swift */ = {isa = PBXFileReference; lastKnownFileType = sourcecode.swift; path = UITableViewDelegateExtension.swift; sourceTree = "<group>"; };
		EB653FF529AD039B00E07AC0 /* UIImageExtension.swift */ = {isa = PBXFileReference; lastKnownFileType = sourcecode.swift; path = UIImageExtension.swift; sourceTree = "<group>"; };
		EB653FF729AD03CF00E07AC0 /* CALayerExtension.swift */ = {isa = PBXFileReference; lastKnownFileType = sourcecode.swift; path = CALayerExtension.swift; sourceTree = "<group>"; };
		EB653FF929AD040C00E07AC0 /* UILabelExtension.swift */ = {isa = PBXFileReference; lastKnownFileType = sourcecode.swift; path = UILabelExtension.swift; sourceTree = "<group>"; };
		EB65400029AD06FF00E07AC0 /* IngridientPresenter.swift */ = {isa = PBXFileReference; fileEncoding = 4; lastKnownFileType = sourcecode.swift; path = IngridientPresenter.swift; sourceTree = "<group>"; };
		EB65400229AD077300E07AC0 /* SearchPresenter.swift */ = {isa = PBXFileReference; fileEncoding = 4; lastKnownFileType = sourcecode.swift; path = SearchPresenter.swift; sourceTree = "<group>"; };
		EB766636298BC5950044C492 /* ChipsCollectionViewCell.swift */ = {isa = PBXFileReference; lastKnownFileType = sourcecode.swift; name = ChipsCollectionViewCell.swift; path = galleyRecipe/UI/UIElements/ChipsCollectionViewCell.swift; sourceTree = SOURCE_ROOT; };
		EB7825E729B676FD00C1E0FF /* UIViewControllerExtension.swift */ = {isa = PBXFileReference; lastKnownFileType = sourcecode.swift; name = UIViewControllerExtension.swift; path = "galleyRecipe/Modules/Favorites Module/View/UIViewControllerExtension.swift"; sourceTree = SOURCE_ROOT; };
		EB890F59299CFB1B00D20131 /* DetailRecipeModel.swift */ = {isa = PBXFileReference; lastKnownFileType = sourcecode.swift; name = DetailRecipeModel.swift; path = galleyRecipe/NetworkManager/Models/DetailRecipeModel.swift; sourceTree = SOURCE_ROOT; };
		EB890F5B299CFB4100D20131 /* SearchRecipeModel.swift */ = {isa = PBXFileReference; lastKnownFileType = sourcecode.swift; path = SearchRecipeModel.swift; sourceTree = "<group>"; };
		EBB480EC29A24A2A00ACD15E /* RequestType.swift */ = {isa = PBXFileReference; lastKnownFileType = sourcecode.swift; path = RequestType.swift; sourceTree = "<group>"; };
		EBB480EE29A2655600ACD15E /* DataRequest.swift */ = {isa = PBXFileReference; lastKnownFileType = sourcecode.swift; path = DataRequest.swift; sourceTree = "<group>"; };
		EBB480F029A2674800ACD15E /* DetailRecipeRequest.swift */ = {isa = PBXFileReference; lastKnownFileType = sourcecode.swift; path = DetailRecipeRequest.swift; sourceTree = "<group>"; };
		EBB480F229A2678500ACD15E /* ComplexSearchRequest.swift */ = {isa = PBXFileReference; lastKnownFileType = sourcecode.swift; path = ComplexSearchRequest.swift; sourceTree = "<group>"; };
		EBB480F429A26D0B00ACD15E /* QueryItemKeys.swift */ = {isa = PBXFileReference; lastKnownFileType = sourcecode.swift; path = QueryItemKeys.swift; sourceTree = "<group>"; };
		EBD74431299A1C220071D454 /* TimerProgressBarView.swift */ = {isa = PBXFileReference; lastKnownFileType = sourcecode.swift; name = TimerProgressBarView.swift; path = galleyRecipe/Modules/TimerModule/View/TimerProgressBarView.swift; sourceTree = SOURCE_ROOT; };
		EBE07357299AABCD00F75826 /* ErrorResponse.swift */ = {isa = PBXFileReference; lastKnownFileType = sourcecode.swift; path = ErrorResponse.swift; sourceTree = "<group>"; };
		EBFDB1FE297957A700CA0084 /* UIColorExtension.swift */ = {isa = PBXFileReference; lastKnownFileType = sourcecode.swift; name = UIColorExtension.swift; path = galleyRecipe/UI/Extension/UIColorExtension.swift; sourceTree = SOURCE_ROOT; };
/* End PBXFileReference section */

/* Begin PBXFrameworksBuildPhase section */
		9E7C2EE6296AF9EF0006EECF /* Frameworks */ = {
			isa = PBXFrameworksBuildPhase;
			buildActionMask = 2147483647;
			files = (
				EB206EDA29A8F8D6007D626C /* RealmSwift in Frameworks */,
				EB206ED829A8F8D6007D626C /* Realm in Frameworks */,
				EB47AACD29A62D3600FEAA1F /* Kingfisher in Frameworks */,
			);
			runOnlyForDeploymentPostprocessing = 0;
		};
/* End PBXFrameworksBuildPhase section */

/* Begin PBXGroup section */
		9E7C2EE0296AF9EF0006EECF = {
			isa = PBXGroup;
			children = (
				9E7C2EEB296AF9EF0006EECF /* galleyRecipe */,
				9E7C2EEA296AF9EF0006EECF /* Products */,
			);
			sourceTree = "<group>";
		};
		9E7C2EEA296AF9EF0006EECF /* Products */ = {
			isa = PBXGroup;
			children = (
				9E7C2EE9296AF9EF0006EECF /* galleyRecipe.app */,
			);
			name = Products;
			sourceTree = "<group>";
		};
		9E7C2EEB296AF9EF0006EECF /* galleyRecipe */ = {
			isa = PBXGroup;
			children = (
				EB653FFC29AD057A00E07AC0 /* App */,
				EB59C82229AA81B200B1507A /* DataManager */,
				9EE1F66929858CEF006B5F28 /* NetworkManager */,
				EB3899CC297BCE2100705344 /* Routing */,
				EB653FFF29AD059F00E07AC0 /* Modules */,
				EB3899D2297C031600705344 /* UI */,
				EB653FFD29AD058900E07AC0 /* Sound */,
				EB653FFE29AD059300E07AC0 /* Helper */,
				9E7C2EFA296AF9F00006EECF /* Info.plist */,
			);
			path = galleyRecipe;
			sourceTree = "<group>";
		};
		9EE1F66929858CEF006B5F28 /* NetworkManager */ = {
			isa = PBXGroup;
			children = (
				EB262772297817FF002B8924 /* NetworkService.swift */,
				EBB480EE29A2655600ACD15E /* DataRequest.swift */,
				EBE07357299AABCD00F75826 /* ErrorResponse.swift */,
				EBB480EC29A24A2A00ACD15E /* RequestType.swift */,
				EBB480F429A26D0B00ACD15E /* QueryItemKeys.swift */,
				EBB480F829A274B300ACD15E /* Requests */,
				EB890F5D299CFB6600D20131 /* Models */,
			);
			path = NetworkManager;
			sourceTree = "<group>";
		};
		EB0EA9C9298CF07F00C643C4 /* SearchModule */ = {
			isa = PBXGroup;
			children = (
				EB206EDD29A8FA5F007D626C /* Model */,
				EB385F7C298D3F9000B80749 /* VIew */,
				EB385F7F298D3FBE00B80749 /* Presenter */,
			);
			path = SearchModule;
			sourceTree = "<group>";
		};
		EB0EA9CA298CF08F00C643C4 /* Presenter */ = {
			isa = PBXGroup;
			children = (
				EB65400029AD06FF00E07AC0 /* IngridientPresenter.swift */,
			);
			path = Presenter;
			sourceTree = "<group>";
		};
		EB0EA9CB298CF0AC00C643C4 /* View */ = {
			isa = PBXGroup;
			children = (
				E7463D372980512500A4C54F /* IngredientViewController.swift */,
			);
			path = View;
			sourceTree = "<group>";
		};
		EB0EA9CC298CF0E500C643C4 /* View */ = {
			isa = PBXGroup;
			children = (
				9E7C2F0D296B188C0006EECF /* FavoritesViewController.swift */,
			);
			path = View;
			sourceTree = "<group>";
		};
		EB0EA9CE298CF0F600C643C4 /* Presenter */ = {
			isa = PBXGroup;
			children = (
				EB262776297868EA002B8924 /* FavoritePresenter.swift */,
			);
			path = Presenter;
			sourceTree = "<group>";
		};
		EB1BD5D029896195009EB706 /* View */ = {
			isa = PBXGroup;
			children = (
				EB62A79C2986DF1900FD420C /* TimerViewController.swift */,
				EBD74431299A1C220071D454 /* TimerProgressBarView.swift */,
				EB62A79B2986DF1900FD420C /* TimerListViewController.swift */,
			);
			path = View;
			sourceTree = "<group>";
		};
		EB1BD5D3298961B7009EB706 /* Presenter */ = {
			isa = PBXGroup;
			children = (
				EB1BD5CE29895A30009EB706 /* TimerListPresenter.swift */,
				EB1BD5D1298961B2009EB706 /* TimerPresenter.swift */,
			);
			path = Presenter;
			sourceTree = "<group>";
		};
		EB206EDD29A8FA5F007D626C /* Model */ = {
			isa = PBXGroup;
			children = (
				EB3E0785299FC864002DC891 /* MealCategorys.swift */,
			);
			path = Model;
			sourceTree = "<group>";
		};
		EB29F37C297E8064002F74BD /* Font */ = {
			isa = PBXGroup;
			children = (
				EB29F37D297E8064002F74BD /* Poppins-ExtraLight.ttf */,
				EB29F37E297E8064002F74BD /* Poppins-ThinItalic.ttf */,
				EB29F37F297E8064002F74BD /* Poppins-ExtraLightItalic.ttf */,
				EB29F380297E8064002F74BD /* Poppins-BoldItalic.ttf */,
				EB29F381297E8064002F74BD /* Poppins-Light.ttf */,
				EB29F382297E8064002F74BD /* Poppins-Medium.ttf */,
				EB29F383297E8064002F74BD /* Poppins-SemiBoldItalic.ttf */,
				EB29F384297E8064002F74BD /* Poppins-ExtraBoldItalic.ttf */,
				EB29F385297E8064002F74BD /* Poppins-ExtraBold.ttf */,
				EB29F386297E8064002F74BD /* Poppins-BlackItalic.ttf */,
				EB29F387297E8064002F74BD /* OFL.txt */,
				EB29F388297E8064002F74BD /* Poppins-Regular.ttf */,
				EB29F389297E8064002F74BD /* Poppins-LightItalic.ttf */,
				EB29F38A297E8064002F74BD /* Poppins-Bold.ttf */,
				EB29F38B297E8064002F74BD /* Poppins-Black.ttf */,
				EB29F38C297E8064002F74BD /* Poppins-Thin.ttf */,
				EB29F38D297E8064002F74BD /* Poppins-SemiBold.ttf */,
				EB29F38E297E8064002F74BD /* Poppins-Italic.ttf */,
				EB29F38F297E8064002F74BD /* Poppins-MediumItalic.ttf */,
			);
			path = Font;
			sourceTree = "<group>";
		};
		EB385F7C298D3F9000B80749 /* VIew */ = {
			isa = PBXGroup;
			children = (
				9E7C2F11296B22F30006EECF /* SearchViewController.swift */,
			);
			path = VIew;
			sourceTree = "<group>";
		};
		EB385F7F298D3FBE00B80749 /* Presenter */ = {
			isa = PBXGroup;
			children = (
				EB65400229AD077300E07AC0 /* SearchPresenter.swift */,
			);
			path = Presenter;
			sourceTree = "<group>";
		};
		EB3899CC297BCE2100705344 /* Routing */ = {
			isa = PBXGroup;
			children = (
				EB26277429782CDF002B8924 /* Builder.swift */,
				EB26277029781728002B8924 /* Router.swift */,
			);
			path = Routing;
			sourceTree = "<group>";
		};
		EB3899D1297C02CB00705344 /* Favorites Module */ = {
			isa = PBXGroup;
			children = (
				EB0EA9CC298CF0E500C643C4 /* View */,
				EB0EA9CE298CF0F600C643C4 /* Presenter */,
			);
			path = "Favorites Module";
			sourceTree = "<group>";
		};
		EB3899D2297C031600705344 /* UI */ = {
			isa = PBXGroup;
			children = (
				EB766638298BC60A0044C492 /* Effects */,
				EB3899D3297C031F00705344 /* Extension */,
				EB766639298BC62D0044C492 /* UIElements */,
				EB29F37C297E8064002F74BD /* Font */,
				EB29F3A4297E80BB002F74BD /* ImageConstant.swift */,
			);
			path = UI;
			sourceTree = "<group>";
		};
		EB3899D3297C031F00705344 /* Extension */ = {
			isa = PBXGroup;
			children = (
				EB7825E729B676FD00C1E0FF /* UIViewControllerExtension.swift */,
				EB24FBDB29B4FCB500A7BBED /* UIViewExtension.swift */,
				EB05B08F29B39C75003FF24E /* RealmExtension.swift */,
				EB653FF529AD039B00E07AC0 /* UIImageExtension.swift */,
				EBFDB1FE297957A700CA0084 /* UIColorExtension.swift */,
				EB653FF929AD040C00E07AC0 /* UILabelExtension.swift */,
				EB653FF329AD037700E07AC0 /* UITableViewDelegateExtension.swift */,
				EB653FF729AD03CF00E07AC0 /* CALayerExtension.swift */,
				EB653FF129AD035600E07AC0 /* CGFloatExtension.swift */,
			);
			path = Extension;
			sourceTree = "<group>";
		};
		EB59C82229AA81B200B1507A /* DataManager */ = {
			isa = PBXGroup;
			children = (
				EB59C82329AA81DA00B1507A /* RealmManager.swift */,
				EB653FFB29AD047800E07AC0 /* Models */,
			);
			path = DataManager;
			sourceTree = "<group>";
		};
		EB62A7992986DF1900FD420C /* TimerModule */ = {
			isa = PBXGroup;
			children = (
				EB1BD5D029896195009EB706 /* View */,
				EB1BD5D3298961B7009EB706 /* Presenter */,
			);
			path = TimerModule;
			sourceTree = "<group>";
		};
		EB653FFB29AD047800E07AC0 /* Models */ = {
			isa = PBXGroup;
			children = (
				EB206EDB29A8FA39007D626C /* RMChipsModel.swift */,
				EB14C96729AD39BD002590E5 /* RMFavoriteRecipeModel.swift */,
				EB56B25B29B20168007CFFB6 /* ObjectAdapterProtocol.swift */,
			);
			path = Models;
			sourceTree = "<group>";
		};
		EB653FFC29AD057A00E07AC0 /* App */ = {
			isa = PBXGroup;
			children = (
				9E7C2EEC296AF9EF0006EECF /* AppDelegate.swift */,
				9E7C2EEE296AF9EF0006EECF /* SceneDelegate.swift */,
				9E7C2EF7296AF9F00006EECF /* LaunchScreen.storyboard */,
				9E7C2EF5296AF9F00006EECF /* Assets.xcassets */,
			);
			path = App;
			sourceTree = "<group>";
		};
		EB653FFD29AD058900E07AC0 /* Sound */ = {
			isa = PBXGroup;
			children = (
				9E7C2F08296AFCFD0006EECF /* alarmSound.mp3 */,
			);
			path = Sound;
			sourceTree = "<group>";
		};
		EB653FFE29AD059300E07AC0 /* Helper */ = {
			isa = PBXGroup;
			children = (
				EB3995E729951DA400974218 /* TestingData.swift */,
			);
			path = Helper;
			sourceTree = "<group>";
		};
		EB653FFF29AD059F00E07AC0 /* Modules */ = {
			isa = PBXGroup;
			children = (
				EB3899D1297C02CB00705344 /* Favorites Module */,
				EB0EA9C9298CF07F00C643C4 /* SearchModule */,
				EBE8F3CE2988709A00AD5870 /* IngridientModule */,
				EB62A7992986DF1900FD420C /* TimerModule */,
			);
			path = Modules;
			sourceTree = "<group>";
		};
		EB766638298BC60A0044C492 /* Effects */ = {
			isa = PBXGroup;
			children = (
				EB29D8182982A4EB00F5740E /* GradientViewController.swift */,
				EB29F3A3297E80BB002F74BD /* DarkBlurEffectView.swift */,
				EB5F3CA7297F206C00D516E1 /* LightBlurEffectView.swift */,
			);
			path = Effects;
			sourceTree = "<group>";
		};
		EB766639298BC62D0044C492 /* UIElements */ = {
			isa = PBXGroup;
			children = (
				EB454ABE2999258C00ADD877 /* IngredientsTableViewCell.swift */,
				EB62A79A2986DF1900FD420C /* TimerListCell.swift */,
				EB766636298BC5950044C492 /* ChipsCollectionViewCell.swift */,
				EB0EA9C5298BEB6000C643C4 /* ChipsCollectionView.swift */,
				EB3899CF297BD9E000705344 /* CustomTabBarController.swift */,
				EB3899C7297BCCCC00705344 /* CustomTableViewCell.swift */,
				EB019A2629BA5B2100274048 /* SmallButton.swift */,
			);
			path = UIElements;
			sourceTree = "<group>";
		};
		EB890F5D299CFB6600D20131 /* Models */ = {
			isa = PBXGroup;
			children = (
				EB890F59299CFB1B00D20131 /* DetailRecipeModel.swift */,
				EB890F5B299CFB4100D20131 /* SearchRecipeModel.swift */,
			);
			path = Models;
			sourceTree = "<group>";
		};
		EBB480F829A274B300ACD15E /* Requests */ = {
			isa = PBXGroup;
			children = (
				EBB480F229A2678500ACD15E /* ComplexSearchRequest.swift */,
				EBB480F029A2674800ACD15E /* DetailRecipeRequest.swift */,
			);
			path = Requests;
			sourceTree = "<group>";
		};
		EBE8F3CE2988709A00AD5870 /* IngridientModule */ = {
			isa = PBXGroup;
			children = (
				EB0EA9CB298CF0AC00C643C4 /* View */,
				EB0EA9CA298CF08F00C643C4 /* Presenter */,
			);
			path = IngridientModule;
			sourceTree = "<group>";
		};
/* End PBXGroup section */

/* Begin PBXNativeTarget section */
		9E7C2EE8296AF9EF0006EECF /* galleyRecipe */ = {
			isa = PBXNativeTarget;
			buildConfigurationList = 9E7C2EFD296AF9F00006EECF /* Build configuration list for PBXNativeTarget "galleyRecipe" */;
			buildPhases = (
				9E7C2EE5296AF9EF0006EECF /* Sources */,
				9E7C2EE6296AF9EF0006EECF /* Frameworks */,
				9E7C2EE7296AF9EF0006EECF /* Resources */,
				EB8399B929AA37C600660732 /* ShellScript */,
			);
			buildRules = (
			);
			dependencies = (
			);
			name = galleyRecipe;
			packageProductDependencies = (
				EB47AACC29A62D3600FEAA1F /* Kingfisher */,
				EB206ED729A8F8D6007D626C /* Realm */,
				EB206ED929A8F8D6007D626C /* RealmSwift */,
			);
			productName = galleyRecipe;
			productReference = 9E7C2EE9296AF9EF0006EECF /* galleyRecipe.app */;
			productType = "com.apple.product-type.application";
		};
/* End PBXNativeTarget section */

/* Begin PBXProject section */
		9E7C2EE1296AF9EF0006EECF /* Project object */ = {
			isa = PBXProject;
			attributes = {
				BuildIndependentTargetsInParallel = 1;
				LastSwiftUpdateCheck = 1420;
				LastUpgradeCheck = 1420;
				TargetAttributes = {
					9E7C2EE8296AF9EF0006EECF = {
						CreatedOnToolsVersion = 14.2;
					};
				};
			};
			buildConfigurationList = 9E7C2EE4296AF9EF0006EECF /* Build configuration list for PBXProject "galleyRecipe" */;
			compatibilityVersion = "Xcode 13.0";
			developmentRegion = en;
			hasScannedForEncodings = 0;
			knownRegions = (
				en,
				Base,
			);
			mainGroup = 9E7C2EE0296AF9EF0006EECF;
			packageReferences = (
				EB47AACB29A62D3600FEAA1F /* XCRemoteSwiftPackageReference "Kingfisher" */,
				EB206ED629A8F8D6007D626C /* XCRemoteSwiftPackageReference "realm-swift" */,
			);
			productRefGroup = 9E7C2EEA296AF9EF0006EECF /* Products */;
			projectDirPath = "";
			projectRoot = "";
			targets = (
				9E7C2EE8296AF9EF0006EECF /* galleyRecipe */,
			);
		};
/* End PBXProject section */

/* Begin PBXResourcesBuildPhase section */
		9E7C2EE7296AF9EF0006EECF /* Resources */ = {
			isa = PBXResourcesBuildPhase;
			buildActionMask = 2147483647;
			files = (
				EB29F39F297E8064002F74BD /* Poppins-Thin.ttf in Resources */,
				EB29F3A2297E8064002F74BD /* Poppins-MediumItalic.ttf in Resources */,
				EB29F39A297E8064002F74BD /* OFL.txt in Resources */,
				EB29F392297E8064002F74BD /* Poppins-ExtraLightItalic.ttf in Resources */,
				EB29F399297E8064002F74BD /* Poppins-BlackItalic.ttf in Resources */,
				EB29F390297E8064002F74BD /* Poppins-ExtraLight.ttf in Resources */,
				EB29F3A0297E8064002F74BD /* Poppins-SemiBold.ttf in Resources */,
				EB29F393297E8064002F74BD /* Poppins-BoldItalic.ttf in Resources */,
				EB29F394297E8064002F74BD /* Poppins-Light.ttf in Resources */,
				EB29F39E297E8064002F74BD /* Poppins-Black.ttf in Resources */,
				EB29F3A1297E8064002F74BD /* Poppins-Italic.ttf in Resources */,
				EB29F398297E8064002F74BD /* Poppins-ExtraBold.ttf in Resources */,
				EB29F39C297E8064002F74BD /* Poppins-LightItalic.ttf in Resources */,
				9E7C2F09296AFCFD0006EECF /* alarmSound.mp3 in Resources */,
				EB29F396297E8064002F74BD /* Poppins-SemiBoldItalic.ttf in Resources */,
				EB29F39B297E8064002F74BD /* Poppins-Regular.ttf in Resources */,
				EB29F397297E8064002F74BD /* Poppins-ExtraBoldItalic.ttf in Resources */,
				EB29F39D297E8064002F74BD /* Poppins-Bold.ttf in Resources */,
				EB29F391297E8064002F74BD /* Poppins-ThinItalic.ttf in Resources */,
				EB29F395297E8064002F74BD /* Poppins-Medium.ttf in Resources */,
				9E7C2EF9296AF9F00006EECF /* LaunchScreen.storyboard in Resources */,
				9E7C2EF6296AF9F00006EECF /* Assets.xcassets in Resources */,
			);
			runOnlyForDeploymentPostprocessing = 0;
		};
/* End PBXResourcesBuildPhase section */

/* Begin PBXShellScriptBuildPhase section */
		EB8399B929AA37C600660732 /* ShellScript */ = {
			isa = PBXShellScriptBuildPhase;
			alwaysOutOfDate = 1;
			buildActionMask = 2147483647;
			files = (
			);
			inputFileListPaths = (
			);
			inputPaths = (
			);
			outputFileListPaths = (
			);
			outputPaths = (
			);
			runOnlyForDeploymentPostprocessing = 0;
			shellPath = /bin/sh;
			shellScript = "export PATH=\"$PATH:/opt/homebrew/bin\"\nif which swiftlint > /dev/null; then\n  swiftlint\nelse\n  echo \"warning: SwiftLint not installed, download from https://github.com/realm/SwiftLint\"\nfi\n";
		};
/* End PBXShellScriptBuildPhase section */

/* Begin PBXSourcesBuildPhase section */
		9E7C2EE5296AF9EF0006EECF /* Sources */ = {
			isa = PBXSourcesBuildPhase;
			buildActionMask = 2147483647;
			files = (
				EB890F5A299CFB1B00D20131 /* DetailRecipeModel.swift in Sources */,
				E7463D382980512500A4C54F /* IngredientViewController.swift in Sources */,
				EB62A79E2986DF1900FD420C /* TimerListViewController.swift in Sources */,
				EBE07358299AABCD00F75826 /* ErrorResponse.swift in Sources */,
				EB3995E829951DA400974218 /* TestingData.swift in Sources */,
				EB7825E829B676FD00C1E0FF /* UIViewControllerExtension.swift in Sources */,
				EB653FF229AD035600E07AC0 /* CGFloatExtension.swift in Sources */,
				EB24FBDC29B4FCB600A7BBED /* UIViewExtension.swift in Sources */,
				EB3899C8297BCCCC00705344 /* CustomTableViewCell.swift in Sources */,
				EB14C96829AD39BD002590E5 /* RMFavoriteRecipeModel.swift in Sources */,
				EB262773297817FF002B8924 /* NetworkService.swift in Sources */,
				EBB480F129A2674800ACD15E /* DetailRecipeRequest.swift in Sources */,
				EB5F3CA8297F206C00D516E1 /* LightBlurEffectView.swift in Sources */,
				EBB480ED29A24A2A00ACD15E /* RequestType.swift in Sources */,
				EB3E0786299FC864002DC891 /* MealCategorys.swift in Sources */,
				EB62A79D2986DF1900FD420C /* TimerListCell.swift in Sources */,
				EB26277529782CDF002B8924 /* Builder.swift in Sources */,
				EB3899D0297BD9E000705344 /* CustomTabBarController.swift in Sources */,
				EB890F5C299CFB4100D20131 /* SearchRecipeModel.swift in Sources */,
				EBB480F329A2678500ACD15E /* ComplexSearchRequest.swift in Sources */,
				EB05B09029B39C75003FF24E /* RealmExtension.swift in Sources */,
				EB29D8192982A4EB00F5740E /* GradientViewController.swift in Sources */,
				EBB480F529A26D0B00ACD15E /* QueryItemKeys.swift in Sources */,
				EB653FFA29AD040C00E07AC0 /* UILabelExtension.swift in Sources */,
				9E7C2F12296B22F30006EECF /* SearchViewController.swift in Sources */,
				EB26277129781728002B8924 /* Router.swift in Sources */,
				EB65400329AD077300E07AC0 /* SearchPresenter.swift in Sources */,
				EB653FF629AD039B00E07AC0 /* UIImageExtension.swift in Sources */,
				9E7C2EED296AF9EF0006EECF /* AppDelegate.swift in Sources */,
				EB65400129AD06FF00E07AC0 /* IngridientPresenter.swift in Sources */,
				EB56B25C29B20168007CFFB6 /* ObjectAdapterProtocol.swift in Sources */,
				EB019A2729BA5B2100274048 /* SmallButton.swift in Sources */,
				EBFDB1FF297957A700CA0084 /* UIColorExtension.swift in Sources */,
				EB766637298BC5950044C492 /* ChipsCollectionViewCell.swift in Sources */,
				EB653FF429AD037700E07AC0 /* UITableViewDelegateExtension.swift in Sources */,
				EB454ABF2999258C00ADD877 /* IngredientsTableViewCell.swift in Sources */,
				EB59C82429AA81DA00B1507A /* RealmManager.swift in Sources */,
				EBB480EF29A2655600ACD15E /* DataRequest.swift in Sources */,
				EB29F3A6297E80BB002F74BD /* ImageConstant.swift in Sources */,
				9E7C2F0E296B188C0006EECF /* FavoritesViewController.swift in Sources */,
				EB0EA9C6298BEB6000C643C4 /* ChipsCollectionView.swift in Sources */,
				EBD74432299A1C220071D454 /* TimerProgressBarView.swift in Sources */,
				EB206EDC29A8FA39007D626C /* RMChipsModel.swift in Sources */,
				EB262777297868EA002B8924 /* FavoritePresenter.swift in Sources */,
				EB653FF829AD03CF00E07AC0 /* CALayerExtension.swift in Sources */,
				EB62A79F2986DF1900FD420C /* TimerViewController.swift in Sources */,
				EB1BD5CF29895A30009EB706 /* TimerListPresenter.swift in Sources */,
				EB1BD5D2298961B2009EB706 /* TimerPresenter.swift in Sources */,
				9E7C2EEF296AF9EF0006EECF /* SceneDelegate.swift in Sources */,
				EB29F3A5297E80BB002F74BD /* DarkBlurEffectView.swift in Sources */,
			);
			runOnlyForDeploymentPostprocessing = 0;
		};
/* End PBXSourcesBuildPhase section */

/* Begin PBXVariantGroup section */
		9E7C2EF7296AF9F00006EECF /* LaunchScreen.storyboard */ = {
			isa = PBXVariantGroup;
			children = (
				9E7C2EF8296AF9F00006EECF /* Base */,
			);
			name = LaunchScreen.storyboard;
			sourceTree = "<group>";
		};
/* End PBXVariantGroup section */

/* Begin XCBuildConfiguration section */
		9E7C2EFB296AF9F00006EECF /* Debug */ = {
			isa = XCBuildConfiguration;
			buildSettings = {
				ALWAYS_SEARCH_USER_PATHS = NO;
				CLANG_ANALYZER_NONNULL = YES;
				CLANG_ANALYZER_NUMBER_OBJECT_CONVERSION = YES_AGGRESSIVE;
				CLANG_CXX_LANGUAGE_STANDARD = "gnu++20";
				CLANG_ENABLE_MODULES = YES;
				CLANG_ENABLE_OBJC_ARC = YES;
				CLANG_ENABLE_OBJC_WEAK = YES;
				CLANG_WARN_BLOCK_CAPTURE_AUTORELEASING = YES;
				CLANG_WARN_BOOL_CONVERSION = YES;
				CLANG_WARN_COMMA = YES;
				CLANG_WARN_CONSTANT_CONVERSION = YES;
				CLANG_WARN_DEPRECATED_OBJC_IMPLEMENTATIONS = YES;
				CLANG_WARN_DIRECT_OBJC_ISA_USAGE = YES_ERROR;
				CLANG_WARN_DOCUMENTATION_COMMENTS = YES;
				CLANG_WARN_EMPTY_BODY = YES;
				CLANG_WARN_ENUM_CONVERSION = YES;
				CLANG_WARN_INFINITE_RECURSION = YES;
				CLANG_WARN_INT_CONVERSION = YES;
				CLANG_WARN_NON_LITERAL_NULL_CONVERSION = YES;
				CLANG_WARN_OBJC_IMPLICIT_RETAIN_SELF = YES;
				CLANG_WARN_OBJC_LITERAL_CONVERSION = YES;
				CLANG_WARN_OBJC_ROOT_CLASS = YES_ERROR;
				CLANG_WARN_QUOTED_INCLUDE_IN_FRAMEWORK_HEADER = YES;
				CLANG_WARN_RANGE_LOOP_ANALYSIS = YES;
				CLANG_WARN_STRICT_PROTOTYPES = YES;
				CLANG_WARN_SUSPICIOUS_MOVE = YES;
				CLANG_WARN_UNGUARDED_AVAILABILITY = YES_AGGRESSIVE;
				CLANG_WARN_UNREACHABLE_CODE = YES;
				CLANG_WARN__DUPLICATE_METHOD_MATCH = YES;
				COPY_PHASE_STRIP = NO;
				DEBUG_INFORMATION_FORMAT = dwarf;
				ENABLE_STRICT_OBJC_MSGSEND = YES;
				ENABLE_TESTABILITY = YES;
				GCC_C_LANGUAGE_STANDARD = gnu11;
				GCC_DYNAMIC_NO_PIC = NO;
				GCC_NO_COMMON_BLOCKS = YES;
				GCC_OPTIMIZATION_LEVEL = 0;
				GCC_PREPROCESSOR_DEFINITIONS = (
					"DEBUG=1",
					"$(inherited)",
				);
				GCC_WARN_64_TO_32_BIT_CONVERSION = YES;
				GCC_WARN_ABOUT_RETURN_TYPE = YES_ERROR;
				GCC_WARN_UNDECLARED_SELECTOR = YES;
				GCC_WARN_UNINITIALIZED_AUTOS = YES_AGGRESSIVE;
				GCC_WARN_UNUSED_FUNCTION = YES;
				GCC_WARN_UNUSED_VARIABLE = YES;
				IPHONEOS_DEPLOYMENT_TARGET = 14.0;
				MTL_ENABLE_DEBUG_INFO = INCLUDE_SOURCE;
				MTL_FAST_MATH = YES;
				ONLY_ACTIVE_ARCH = YES;
				SDKROOT = iphoneos;
				SWIFT_ACTIVE_COMPILATION_CONDITIONS = DEBUG;
				SWIFT_OPTIMIZATION_LEVEL = "-Onone";
			};
			name = Debug;
		};
		9E7C2EFC296AF9F00006EECF /* Release */ = {
			isa = XCBuildConfiguration;
			buildSettings = {
				ALWAYS_SEARCH_USER_PATHS = NO;
				CLANG_ANALYZER_NONNULL = YES;
				CLANG_ANALYZER_NUMBER_OBJECT_CONVERSION = YES_AGGRESSIVE;
				CLANG_CXX_LANGUAGE_STANDARD = "gnu++20";
				CLANG_ENABLE_MODULES = YES;
				CLANG_ENABLE_OBJC_ARC = YES;
				CLANG_ENABLE_OBJC_WEAK = YES;
				CLANG_WARN_BLOCK_CAPTURE_AUTORELEASING = YES;
				CLANG_WARN_BOOL_CONVERSION = YES;
				CLANG_WARN_COMMA = YES;
				CLANG_WARN_CONSTANT_CONVERSION = YES;
				CLANG_WARN_DEPRECATED_OBJC_IMPLEMENTATIONS = YES;
				CLANG_WARN_DIRECT_OBJC_ISA_USAGE = YES_ERROR;
				CLANG_WARN_DOCUMENTATION_COMMENTS = YES;
				CLANG_WARN_EMPTY_BODY = YES;
				CLANG_WARN_ENUM_CONVERSION = YES;
				CLANG_WARN_INFINITE_RECURSION = YES;
				CLANG_WARN_INT_CONVERSION = YES;
				CLANG_WARN_NON_LITERAL_NULL_CONVERSION = YES;
				CLANG_WARN_OBJC_IMPLICIT_RETAIN_SELF = YES;
				CLANG_WARN_OBJC_LITERAL_CONVERSION = YES;
				CLANG_WARN_OBJC_ROOT_CLASS = YES_ERROR;
				CLANG_WARN_QUOTED_INCLUDE_IN_FRAMEWORK_HEADER = YES;
				CLANG_WARN_RANGE_LOOP_ANALYSIS = YES;
				CLANG_WARN_STRICT_PROTOTYPES = YES;
				CLANG_WARN_SUSPICIOUS_MOVE = YES;
				CLANG_WARN_UNGUARDED_AVAILABILITY = YES_AGGRESSIVE;
				CLANG_WARN_UNREACHABLE_CODE = YES;
				CLANG_WARN__DUPLICATE_METHOD_MATCH = YES;
				COPY_PHASE_STRIP = NO;
				DEBUG_INFORMATION_FORMAT = "dwarf-with-dsym";
				ENABLE_NS_ASSERTIONS = NO;
				ENABLE_STRICT_OBJC_MSGSEND = YES;
				GCC_C_LANGUAGE_STANDARD = gnu11;
				GCC_NO_COMMON_BLOCKS = YES;
				GCC_WARN_64_TO_32_BIT_CONVERSION = YES;
				GCC_WARN_ABOUT_RETURN_TYPE = YES_ERROR;
				GCC_WARN_UNDECLARED_SELECTOR = YES;
				GCC_WARN_UNINITIALIZED_AUTOS = YES_AGGRESSIVE;
				GCC_WARN_UNUSED_FUNCTION = YES;
				GCC_WARN_UNUSED_VARIABLE = YES;
				IPHONEOS_DEPLOYMENT_TARGET = 14.0;
				MTL_ENABLE_DEBUG_INFO = NO;
				MTL_FAST_MATH = YES;
				SDKROOT = iphoneos;
				SWIFT_COMPILATION_MODE = wholemodule;
				SWIFT_OPTIMIZATION_LEVEL = "-O";
				VALIDATE_PRODUCT = YES;
			};
			name = Release;
		};
		9E7C2EFE296AF9F00006EECF /* Debug */ = {
			isa = XCBuildConfiguration;
			buildSettings = {
				ASSETCATALOG_COMPILER_APPICON_NAME = AppIcon;
				ASSETCATALOG_COMPILER_GLOBAL_ACCENT_COLOR_NAME = AccentColor;
				CODE_SIGN_STYLE = Automatic;
				CURRENT_PROJECT_VERSION = 1;
				DEVELOPMENT_TEAM = 2VC8L6JCP3;
				GENERATE_INFOPLIST_FILE = YES;
				INFOPLIST_FILE = galleyRecipe/Info.plist;
				INFOPLIST_KEY_UIApplicationSupportsIndirectInputEvents = YES;
				INFOPLIST_KEY_UILaunchStoryboardName = LaunchScreen;
				INFOPLIST_KEY_UIStatusBarStyle = UIStatusBarStyleLightContent;
				INFOPLIST_KEY_UISupportedInterfaceOrientations = UIInterfaceOrientationPortrait;
				INFOPLIST_KEY_UISupportedInterfaceOrientations_iPad = "UIInterfaceOrientationLandscapeLeft UIInterfaceOrientationLandscapeRight UIInterfaceOrientationPortrait UIInterfaceOrientationPortraitUpsideDown";
				IPHONEOS_DEPLOYMENT_TARGET = 14.0;
				LD_RUNPATH_SEARCH_PATHS = (
					"$(inherited)",
					"@executable_path/Frameworks",
				);
				MARKETING_VERSION = 1.0;
				PRODUCT_BUNDLE_IDENTIFIER = garpun.galleyRecipe;
				PRODUCT_NAME = "$(TARGET_NAME)";
				SWIFT_EMIT_LOC_STRINGS = YES;
				SWIFT_VERSION = 5.0;
				TARGETED_DEVICE_FAMILY = 1;
			};
			name = Debug;
		};
		9E7C2EFF296AF9F00006EECF /* Release */ = {
			isa = XCBuildConfiguration;
			buildSettings = {
				ASSETCATALOG_COMPILER_APPICON_NAME = AppIcon;
				ASSETCATALOG_COMPILER_GLOBAL_ACCENT_COLOR_NAME = AccentColor;
				CODE_SIGN_STYLE = Automatic;
				CURRENT_PROJECT_VERSION = 1;
				DEVELOPMENT_TEAM = 2VC8L6JCP3;
				GENERATE_INFOPLIST_FILE = YES;
				INFOPLIST_FILE = galleyRecipe/Info.plist;
				INFOPLIST_KEY_UIApplicationSupportsIndirectInputEvents = YES;
				INFOPLIST_KEY_UILaunchStoryboardName = LaunchScreen;
				INFOPLIST_KEY_UIStatusBarStyle = UIStatusBarStyleLightContent;
				INFOPLIST_KEY_UISupportedInterfaceOrientations = UIInterfaceOrientationPortrait;
				INFOPLIST_KEY_UISupportedInterfaceOrientations_iPad = "UIInterfaceOrientationLandscapeLeft UIInterfaceOrientationLandscapeRight UIInterfaceOrientationPortrait UIInterfaceOrientationPortraitUpsideDown";
				IPHONEOS_DEPLOYMENT_TARGET = 14.0;
				LD_RUNPATH_SEARCH_PATHS = (
					"$(inherited)",
					"@executable_path/Frameworks",
				);
				MARKETING_VERSION = 1.0;
				PRODUCT_BUNDLE_IDENTIFIER = garpun.galleyRecipe;
				PRODUCT_NAME = "$(TARGET_NAME)";
				SWIFT_EMIT_LOC_STRINGS = YES;
				SWIFT_VERSION = 5.0;
				TARGETED_DEVICE_FAMILY = 1;
			};
			name = Release;
		};
/* End XCBuildConfiguration section */

/* Begin XCConfigurationList section */
		9E7C2EE4296AF9EF0006EECF /* Build configuration list for PBXProject "galleyRecipe" */ = {
			isa = XCConfigurationList;
			buildConfigurations = (
				9E7C2EFB296AF9F00006EECF /* Debug */,
				9E7C2EFC296AF9F00006EECF /* Release */,
			);
			defaultConfigurationIsVisible = 0;
			defaultConfigurationName = Release;
		};
		9E7C2EFD296AF9F00006EECF /* Build configuration list for PBXNativeTarget "galleyRecipe" */ = {
			isa = XCConfigurationList;
			buildConfigurations = (
				9E7C2EFE296AF9F00006EECF /* Debug */,
				9E7C2EFF296AF9F00006EECF /* Release */,
			);
			defaultConfigurationIsVisible = 0;
			defaultConfigurationName = Release;
		};
/* End XCConfigurationList section */

/* Begin XCRemoteSwiftPackageReference section */
		EB206ED629A8F8D6007D626C /* XCRemoteSwiftPackageReference "realm-swift" */ = {
			isa = XCRemoteSwiftPackageReference;
			repositoryURL = "https://github.com/realm/realm-swift.git";
			requirement = {
				kind = upToNextMajorVersion;
				minimumVersion = 10.36.0;
			};
		};
		EB47AACB29A62D3600FEAA1F /* XCRemoteSwiftPackageReference "Kingfisher" */ = {
			isa = XCRemoteSwiftPackageReference;
			repositoryURL = "https://github.com/onevcat/Kingfisher?ysclid=lefkafbl7y381117228";
			requirement = {
				kind = upToNextMajorVersion;
				minimumVersion = 7.0.0;
			};
		};
/* End XCRemoteSwiftPackageReference section */

/* Begin XCSwiftPackageProductDependency section */
		EB206ED729A8F8D6007D626C /* Realm */ = {
			isa = XCSwiftPackageProductDependency;
			package = EB206ED629A8F8D6007D626C /* XCRemoteSwiftPackageReference "realm-swift" */;
			productName = Realm;
		};
		EB206ED929A8F8D6007D626C /* RealmSwift */ = {
			isa = XCSwiftPackageProductDependency;
			package = EB206ED629A8F8D6007D626C /* XCRemoteSwiftPackageReference "realm-swift" */;
			productName = RealmSwift;
		};
		EB47AACC29A62D3600FEAA1F /* Kingfisher */ = {
			isa = XCSwiftPackageProductDependency;
			package = EB47AACB29A62D3600FEAA1F /* XCRemoteSwiftPackageReference "Kingfisher" */;
			productName = Kingfisher;
		};
/* End XCSwiftPackageProductDependency section */
	};
	rootObject = 9E7C2EE1296AF9EF0006EECF /* Project object */;
}
